PODS:
  - Flutter (1.0.0)
  - flutter_threat_detector (0.0.1):
    - Flutter
    - IOSSecuritySuite
  - integration_test (0.0.1):
    - Flutter
  - IOSSecuritySuite (2.1.0)

DEPENDENCIES:
  - Flutter (from `Flutter`)
  - flutter_threat_detector (from `.symlinks/plugins/flutter_threat_detector/ios`)
  - integration_test (from `.symlinks/plugins/integration_test/ios`)

SPEC REPOS:
  trunk:
    - IOSSecuritySuite

EXTERNAL SOURCES:
  Flutter:
    :path: Flutter
  flutter_threat_detector:
    :path: ".symlinks/plugins/flutter_threat_detector/ios"
  integration_test:
    :path: ".symlinks/plugins/integration_test/ios"

SPEC CHECKSUMS:
  Flutter: e0871f40cf51350855a761d2e70bf5af5b9b5de7
  flutter_threat_detector: 22c6a96f836a154877b6d65ab4621d0b56b88425
  integration_test: 252f60fa39af5e17c3aa9899d35d908a0721b573
  IOSSecuritySuite: 45e8531b05ffa72b5661cbdb5b5b5648a8de1a84

PODFILE CHECKSUM: 819463e6a0290f5a72f145ba7cde16e8b6ef0796

COCOAPODS: 1.15.2
